version = 1
revision = 3
requires-python = ">=3.12"

[[package]]
name = "colorama"
version = "0.4.6"
source = { registry = "https://pypi.org/simple" }
sdist = { url = "https://files.pythonhosted.org/packages/d8/53/6f443c9a4a8358a93a6792e2acffb9d9d5cb0a5cfd8802644b7b1c9a02e4/colorama-0.4.6.tar.gz", hash = "sha256:08695f5cb7ed6e0531a20572697297273c47b8cae5a63ffc6d6ed5c201be6e44", size = 27697, upload-time = "2022-10-25T02:36:22.414Z" }
wheels = [
    { url = "https://files.pythonhosted.org/packages/d1/d6/3965ed04c63042e047cb6a3e6ed1a63a35087b6a609aa3a15ed8ac56c221/colorama-0.4.6-py2.py3-none-any.whl", hash = "sha256:4f1d9991f5acc0ca119f9d443620b77f9d6b33703e51011c16baf57afb285fc6", size = 25335, upload-time = "2022-10-25T02:36:20.889Z" },
]

[[package]]
name = "fonttools"
version = "4.66.0"
source = { registry = "https://pypi.org/simple" }
sdist = { url = "https://files.pythonhosted.org/packages/a2/24/86f9930b930b97fc82266083320f3c34643ef67261c32651e893db525aca/fonttools-4.66.0.tar.gz", hash = "sha256:ef0610dfe7bb5bf574d9bdad6f597403ebc9807d124ac6f148d7604b2609be98", size = 3692007, upload-time = "2026-09-23T17:59:14.345Z" }
wheels = [
    { url = "https://files.pythonhosted.org/packages/e7/c1/25821e3bddd0644df229cfdc2e8b4101d28e4da15ffbe6e6b563ea6f3acd/fonttools-4.66.0-cp312-cp312-macosx_10_13_universal2.whl", hash = "sha256:67ea5af3ca60e1e5c9b2841b1f6dba5ef16aab581bf463abb68515447154ab61", size = 3096788, upload-time = "2026-09-23T17:57:08.302Z" },
    { url = "https://files.pythonhosted.org/packages/0c/3d/d16b4cb63710abd91f1aaa482f2848d8b0c402502de5b8a72ba9d2613cb0/fonttools-4.66.0-cp312-cp312-macosx_10_13_x86_64.whl", hash = "sha256:dbee639a23c4e067aedfbcf84d2e466a71a1a1156ad04d6d09023791ed167495", size = 2586926, upload-time = "2026-09-23T17:57:10.678Z" },
    { url = "https://files.pythonhosted.org/packages/e2/f0/dffa4fa83ec6780464e8484fa2f30ccc252d480137c8e4d3fc6ac510b3eb/fonttools-4.66.0-cp312-cp312-manylinux2014_aarch64.manylinux_2_17_aarch64.manylinux_2_28_aarch64.whl", hash = "sha256:35684b562df7154d7a0ebfa512db9199c7fb0a93b5abfb59dac9d022dbee7aaa", size = 5415821, upload-time = "2026-09-23T17:57:13.174Z" },
    { url = "https://files.pythonhosted.org/packages/6d/56/3c862bdd297a272a37e2ba1149da01446fd3f387ee80855699bb939bf5b2/fonttools-4.66.0-cp312-cp312-manylinux2014_x86_64.manylinux_2_17_x86_64.whl", hash = "sha256:aea0cc5609a5f2a2500f91bd6e1989fdd22da0f225be00dc1c4cec775838a7d0", size = 5396689, upload-time = "2026-09-23T17:57:15.987Z" },
    { url = "https://files.pythonhosted.org/packages/93/d7/f4b7c81a7a6b316b7226d11f8e8659f023babf1e0957f8e7ddcc4e155a82/fonttools-4.66.0-cp312-cp312-musllinux_1_2_aarch64.whl", hash = "sha256:8af85dfc2ad564f95b3e650024578bb2268bc4d827d418aab9650bbde4b6926a", size = 5353218, upload-time = "2026-09-23T17:57:18.803Z" },
    { url = "https://files.pythonhosted.org/packages/70/1e/f12bc535f3da359a4d29d5e7442ab2d7d67579d1516b9c7e1a38890168bd/fonttools-4.66.0-cp312-cp312-musllinux_1_2_x86_64.whl", hash = "sha256:2b278e2abe596872b3c9fe611f956ded85588537974e48e2adbe2d6ee159e099", size = 5516965, upload-time = "2026-09-23T17:57:21.077Z" },
    { url = "https://files.pythonhosted.org/packages/14/25/a1df66888c8b5f63c14e089400f2353da0c1ff9d09683cc0bf85afea348e/fonttools-4.66.0-cp312-cp312-win32.whl", hash = "sha256:ee7b9f6c835ea1a9beb5a35c8eb0c62b6a3290f8105d3d0c29a0a18c90f9b8ba", size = 2434425, upload-time = "2026-09-23T17:57:23.463Z" },
    { url = "https://files.pythonhosted.org/packages/b5/f2/fd490f1ddf2e430289c13059982771e6b02a2bf37504401d2a5c53307892/fonttools-4.66.0-cp312-cp312-win_amd64.whl", hash = "sha256:1d120ea0f5260b04e9b5ac0d9239efde4c23d990347d5d5889cdd37221726fec", size = 2486335, upload-time = "2026-09-23T17:57:25.561Z" },
    { url = "https://files.pythonhosted.org/packages/a0/c8/1cf0a4f54c8cf351a4d9f8fcad5201dc0c5fb8676efdb1ba7cc3136ca523/fonttools-4.66.0-cp313-cp313-macosx_10_13_universal2.whl", hash = "sha256:c144e68572af1dfcb05fe065827d0920d4118b265504928e1d2262e3701a25a1", size = 3094615, upload-time = "2026-09-23T17:57:27.942Z" },
    { url = "https://files.pythonhosted.org/packages/c5/ed/89baf1795841eaad6fcf0ee6f319c236f4379dd98653b4bff294b83d4172/fonttools-4.66.0-cp313-cp313-macosx_10_13_x86_64.whl", hash = "sha256:ada87643b20a8fa5763e6dd4fa0f5e2901cbdbe0833deb6d5c5a9c3186782b94", size = 2586645, upload-time = "2026-09-23T17:57:30.248Z" },
    { url = "https://files.pythonhosted.org/packages/56/f9/982609322f92532bdd769a225c9b3e2bbac0a077c37f7780710db9a8e018/fonttools-4.66.0-cp313-cp313-manylinux2014_aarch64.manylinux_2_17_aarch64.manylinux_2_28_aarch64.whl", hash = "sha256:700c448f190cc7bbd9f059bd96131f4770e90938c9692550b142153bea73b14c", size = 5389194, upload-time = "2026-09-23T17:57:33.07Z" },
    { url = "https://files.pythonhosted.org/packages/7d/22/12177031dd8be493d5afda574323da19f6ea5488c85202f3a5708c94757c/fonttools-4.66.0-cp313-cp313-manylinux2014_x86_64.manylinux_2_17_x86_64.whl", hash = "sha256:c519433e8632284dbe64ee4c81b609a17e205bc1afff285553723964880d1c89", size = 5371422, upload-time = "2026-09-23T17:57:35.915Z" },
    { url = "https://files.pythonhosted.org/packages/19/e1/e8ed0950eb846f4a404ff84aea89e4c93393c2475cdfdf1c03a1b3f4e2ef/fonttools-4.66.0-cp313-cp313-musllinux_1_2_aarch64.whl", hash = "sha256:8739d77810aeb6d2ecd55cc2e4864d98a00c317fb6131a6d22ca58b3f50cf22a", size = 5332183, upload-time = "2026-09-23T17:57:39.041Z" },
    { url = "https://files.pythonhosted.org/packages/3e/fb/c0310cf9838859d74130530ef351a903735c6ecf47418d7d0dc4cf459a9b/fonttools-4.66.0-cp313-cp313-musllinux_1_2_x86_64.whl", hash = "sha256:cffa168522a0e057d3a5628c8ebd43ddf66a34613f42e116bffb85b0b32ce5a0", size = 5490019, upload-time = "2026-09-23T17:57:41.945Z" },
    { url = "https://files.pythonhosted.org/packages/a9/7b/928f334aea18c77f6892895bb1e28388c9e2466e04bc924f93043024c780/fonttools-4.66.0-cp313-cp313-win32.whl", hash = "sha256:379b94fe10651d26caf398eb646b3ecde886a9c504d3cce5e46164d58a78e32d", size = 2432785, upload-time = "2026-09-23T17:57:44.484Z" },
    { url = "https://files.pythonhosted.org/packages/fa/5b/576072a97256f06fe6d0112c522c118fe72390482baf52ad9bfa3b0d1db6/fonttools-4.66.0-cp313-cp313-win_amd64.whl", hash = "sha256:ee4f85d1341af630d787514eef1a0e1ad883f9d6c11a4c1465faeb9cd0bb5ced", size = 2484475, upload-time = "2026-09-23T17:57:46.625Z" },
    { url = "https://files.pythonhosted.org/packages/38/e6/2ea45d294ce967a8f76b5dec041abdd71c7abb652c9a81b24592edc00579/fonttools-4.66.0-cp314-cp314-macosx_10_15_universal2.whl", hash = "sha256:ce818581070527883e3678b92b1ac7ed3569e48c80f51b89b264f97d84be2608", size = 3098619, upload-time = "2026-09-23T17:57:48.843Z" },
    { url = "https://files.pythonhosted.org/packages/1a/d5/225d95df6b88df277d86c3d86fdaa73833cd628dc2918fcf7b73133d6f67/fonttools-4.66.0-cp314-cp314-macosx_10_15_x86_64.whl", hash = "sha256:cf0033f343cb1592fb24ae3eaf8b58156f208884ac16991094293ee94c585654", size = 2588128, upload-time = "2026-09-23T17:57:52.041Z" },
    { url = "https://files.pythonhosted.org/packages/15/e6/5892522733dc50b0577693bb164032b47d3504f33ee44d92a1a740d2e89b/fonttools-4.66.0-cp314-cp314-manylinux2014_aarch64.manylinux_2_17_aarch64.manylinux_2_28_aarch64.whl", hash = "sha256:3889fdbe63e85dbf2a0d9d7c9d90746827ce60af2cdd24f0bb4738380a9540eb", size = 5373639, upload-time = "2026-09-23T17:57:54.555Z" },
    { url = "https://files.pythonhosted.org/packages/9a/72/72ec66154babfd53a1c705a9f973c49d12fa81084aa72d939e062242ada1/fonttools-4.66.0-cp314-cp314-manylinux2014_x86_64.manylinux_2_17_x86_64.whl", hash = "sha256:850d50b347f31667d3a277a6e66a4219236db9d98afadb2993b8addf9bd4f593", size = 5317190, upload-time = "2026-09-23T17:57:57.31Z" },
    { url = "https://files.pythonhosted.org/packages/cd/c6/a8ca0334c73d1fa4fae1d423ff92e0b0be0885ed98e866e3478a00ad1a47/fonttools-4.66.0-cp314-cp314-musllinux_1_2_aarch64.whl", hash = "sha256:221defad3b1949c1fdde2558d1fe780d42f926b683a71a46a4495a0e6a6614bd", size = 5315603, upload-time = "2026-09-23T17:57:59.842Z" },
    { url = "https://files.pythonhosted.org/packages/d2/34/d3d4cd925d1a934e841d39a0540539b21e952c40dfac27874bac1392f3d2/fonttools-4.66.0-cp314-cp314-musllinux_1_2_x86_64.whl", hash = "sha256:b02686b2e47115b2378ab6156abd984c776c6faa4f56898fbcc1c30ee387937d", size = 5448784, upload-time = "2026-09-23T17:58:02.669Z" },
    { url = "https://files.pythonhosted.org/packages/61/b9/269bebce24f590d28f2e59fd8808f3282b5f5511a4a95c5f6413f0507993/fonttools-4.66.0-cp314-cp314-win32.whl", hash = "sha256:b46500e4d6f5708a9127ea12902ba54cb0ec594fc6bec649afc53154a1125b2b", size = 2437006, upload-time = "2026-09-23T17:58:05.39Z" },
    { url = "https://files.pythonhosted.org/packages/ca/bd/9c10c9a62a274451f10295c17a01286c7777f44da87cd9f77d08c5a21d4e/fonttools-4.66.0-cp314-cp314-win_amd64.whl", hash = "sha256:0cf33d1041364ebb7a9958db757e213c6d2a238eb41755fbf935db028c2db20f", size = 2489086, upload-time = "2026-09-23T17:58:07.516Z" },
    { url = "https://files.pythonhosted.org/packages/1f/45/c9bc900dca5ed7760c1692a6b1161c380515071da9d855eddedd4bb21fb5/fonttools-4.66.0-cp314-cp314t-macosx_10_15_universal2.whl", hash = "sha256:d2d10f89c4bf7cd42b84695da617f9130fa594647ee74673bf8c8d001fa04ef9", size = 3172290, upload-time = "2026-09-23T17:58:09.975Z" },
    { url = "https://files.pythonhosted.org/packages/bb/82/1017a312eeb373f30d99d032d04bf55a8ea80858f1670b2e12ed90732574/fonttools-4.66.0-cp314-cp314t-macosx_10_15_x86_64.whl", hash = "sha256:135ce8738a6341fbefeedc061e20c2889350e84405abea7e61b1c9d87e1a1f2f", size = 2621293, upload-time = "2026-09-23T17:58:12.309Z" },
    { url = "https://files.pythonhosted.org/packages/af/c3/b54678b08a6637d5a222b68e1f133c58096c664403b9ead1cce4eab53fd1/fonttools-4.66.0-cp314-cp314t-manylinux2014_aarch64.manylinux_2_17_aarch64.manylinux_2_28_aarch64.whl", hash = "sha256:107aae7c38f05561fef5103baa98a44400b5f4c69d87839c9a5f8125405e7d9a", size = 5546296, upload-time = "2026-09-23T17:58:15.041Z" },
    { url = "https://files.pythonhosted.org/packages/98/2c/42e1c39e4025323bf65e042ea7ed709912aebfa22d422a2937da12268331/fonttools-4.66.0-cp314-cp314t-manylinux2014_x86_64.manylinux_2_17_x86_64.whl", hash = "sha256:e4677025ee40b3b1420387ca85f55545b8095f7596c3d5d59552dbee19c91f07", size = 5352908, upload-time = "2026-09-23T17:58:17.77Z" },
    { url = "https://files.pythonhosted.org/packages/f1/66/07a6b9e634d7e0edb3e8f23ebb483479599842093624f13bde44e3c7a4bc/fonttools-4.66.0-cp314-cp314t-musllinux_1_2_aarch64.whl", hash = "sha256:03922992966a1830b94a750961d1ccfe1a7375d792ca61077a5afb719811788a", size = 5413677, upload-time = "2026-09-23T17:58:20.511Z" },
    { url = "https://files.pythonhosted.org/packages/a4/c6/d649d4d09ebbfdb0eb13cdeea731bf9685d184fef716e0c18f7779eb44fb/fonttools-4.66.0-cp314-cp314t-musllinux_1_2_x86_64.whl", hash = "sha256:5dda4087a7f8f0b985995489b3c0115bd117f18c0fc236013a0e78e837bb9ac2", size = 5449024, upload-time = "2026-09-23T17:58:23.302Z" },
    { url = "https://files.pythonhosted.org/packages/04/4c/60c6c9a2bc4cc0ae1012df9084bfe4ba69a1a60df06f30830787a4e6c061/fonttools-4.66.0-cp314-cp314t-win32.whl", hash = "sha256:85e2960a29e6882567b981ba408b5a5ca2d8865b8f67240e1b420348997a13be", size = 2470760, upload-time = "2026-09-23T17:58:25.739Z" },
    { url = "https://files.pythonhosted.org/packages/d1/5e/fd8593bbe3da06d2cbf9c096e17becbb48ace6e7a33e0e5e21f82a55c32c/fonttools-4.66.0-cp314-cp314t-win_amd64.whl", hash = "sha256:8ea6265535b25f8254868f5a212a1c9dbd88c2c4050f3df18d9174949df0d6d9", size = 2520614, upload-time = "2026-09-23T17:58:28.078Z" },
    { url = "https://files.pythonhosted.org/packages/a0/23/f9f265526c6a4096bbe67f45d6ed853519d49ad7e07667bd0c8edb33f7fd/fonttools-4.66.0-cp315-cp315-macosx_10_15_universal2.whl", hash = "sha256:9b0198962bbba64a88bf15dc5d95e4bab8c5208dede22a10fb06280406ed9874", size = 3092996, upload-time = "2026-09-23T17:58:30.828Z" },
    { url = "https://files.pythonhosted.org/packages/a9/25/44d594d7fd703b2c4914b0df728012b8f2e69578de2d9238742c1754243a/fonttools-4.66.0-cp315-cp315-macosx_10_15_x86_64.whl", hash = "sha256:15315302c620e6ce8582934e07932dcf442fc3f59ab208d30564200b9a2f7ea4", size = 2586696, upload-time = "2026-09-23T17:58:33.159Z" },
    { url = "https://files.pythonhosted.org/packages/b5/73/b33888692f06471222a66a79bd7f3e7b9aa9e3d87be6adb794a2ba3dc467/fonttools-4.66.0-cp315-cp315-manylinux2014_aarch64.manylinux_2_17_aarch64.manylinux_2_28_aarch64.whl", hash = "sha256:056641fcedeaad24b92e343e35e9fd1337200c102450678894b17928482d010d", size = 5370868, upload-time = "2026-09-23T17:58:35.93Z" },
    { url = "https://files.pythonhosted.org/packages/34/22/b7fa275e29642ab706bdffc5d02564bf6ade4168bd4c8b98b6ac2a78a653/fonttools-4.66.0-cp315-cp315-manylinux2014_x86_64.manylinux_2_17_x86_64.whl", hash = "sha256:fa995d96ced196388d8ed7a67ee001b181459d230e24bb68b193ae859f5609da", size = 5334214, upload-time = "2026-09-23T17:58:38.966Z" },
    { url = "https://files.pythonhosted.org/packages/b2/69/417f550986631f9b443666b6152c9396830c0bb7a241b2aa235d1faa2500/fonttools-4.66.0-cp315-cp315-musllinux_1_2_aarch64.whl", hash = "sha256:f014bbf05f30731bf8b9f5c7d2b4c0e4f28f375926f95b187f85e0bbceb16029", size = 5311067, upload-time = "2026-09-23T17:58:41.686Z" },
    { url = "https://files.pythonhosted.org/packages/8f/f5/80b8b3b55306975a69995b188d640664b53891509a47e6e19e5496adc529/fonttools-4.66.0-cp315-cp315-musllinux_1_2_x86_64.whl", hash = "sha256:886f3029ea10362c592d2e1a5326a44645b85a2a0be6fdb7c9edbdb60cedb0ab", size = 5458838, upload-time = "2026-09-23T17:58:44.145Z" },
    { url = "https://files.pythonhosted.org/packages/f4/1a/7f5e8b4e0e876a94424faf039e99e09833c3ffb105978e3617a6cba58e92/fonttools-4.66.0-cp315-cp315-win32.whl", hash = "sha256:0640e69b00e089d6b82e0a54e3a03af84b775f1f0b2cbecc1b0d7fe3980a194a", size = 2435840, upload-time = "2026-09-23T17:58:46.482Z" },
    { url = "https://files.pythonhosted.org/packages/e0/8a/91ecd6ed7140e0589538298f941934eaccaf7ab067a60585de3a60ddcc32/fonttools-4.66.0-cp315-cp315-win_amd64.whl", hash = "sha256:a5a0624aaefb0a29e4ed7500a98732a1b0ec2d3040fe86cc8837f82e3fe4f446", size = 2488078, upload-time = "2026-09-23T17:58:49.027Z" },
    { url = "https://files.pythonhosted.org/packages/a5/16/3a82202c98d55aeb53dd1fe5cd295c53b1057a45e6be943a347dba5bc92b/fonttools-4.66.0-cp315-cp315t-macosx_10_15_universal2.whl", hash = "sha256:4bdaf80590fcccb1b9d8e3b8ca72225defb14d03b79788f59781ce1bb66049b9", size = 3163820, upload-time = "2026-09-23T17:58:51.661Z" },
    { url = "https://files.pythonhosted.org/packages/74/06/597c587ec929f18622d0f6ad4aac15a698e5d4e42d291cf051e63fe0d1b0/fonttools-4.66.0-cp315-cp315t-macosx_10_15_x86_64.whl", hash = "sha256:398bfc5ce9055e0b91a6189f8cf462d4230b38f522b2ceaecb4f34cbf4fb5480", size = 2617537, upload-time = "2026-09-23T17:58:54.421Z" },
    { url = "https://files.pythonhosted.org/packages/cc/08/6477bf19e923deb834c4c5866c66f47a679cc0a31028e2240ea58f9c1244/fonttools-4.66.0-cp315-cp315t-manylinux2014_aarch64.manylinux_2_17_aarch64.manylinux_2_28_aarch64.whl", hash = "sha256:fd9297a5f670f3e59ae697289ddad5902d3c4a86188e83e7823bde06334a560c", size = 5524223, upload-time = "2026-09-23T17:58:57.078Z" },
    { url = "https://files.pythonhosted.org/packages/69/2a/3e893827e4d6f8858784f71f0484046626a43e21492d3683b7ea5c7262bb/fonttools-4.66.0-cp315-cp315t-manylinux2014_x86_64.manylinux_2_17_x86_64.whl", hash = "sha256:f2032ac005e14c56e774fd19f2bc1c22c796c0c3b39d91741c0e3f9575944d38", size = 5345920, upload-time = "2026-09-23T17:58:59.848Z" },
    { url = "https://files.pythonhosted.org/packages/22/7a/574cfd9f567231006152694a8904e1cfa2e7ddd2b7476e8e9d1b079278b4/fonttools-4.66.0-cp315-cp315t-musllinux_1_2_aarch64.whl", hash = "sha256:02117d05dddb51e39b5c5a6eed0702ed8e0e1c341cb138101b2446eb479858f8", size = 5392188, upload-time = "2026-09-23T17:59:02.461Z" },
    { url = "https://files.pythonhosted.org/packages/17/15/656c907ef5063eeb9a0f6e36a253c14ffe5d5605009d6c86140234cb0968/fonttools-4.66.0-cp315-cp315t-musllinux_1_2_x86_64.whl", hash = "sha256:6b11180c4166a4fc353bb02b147322b7c454927bba4f5040ccdef109a73f9051", size = 5438594, upload-time = "2026-09-23T17:59:04.967Z" },
    { url = "https://files.pythonhosted.org/packages/5d/82/5df8cfb6c16035a9f0baef4c7b37ae1691e5d9280195459f1eb6f0633014/fonttools-4.66.0-cp315-cp315t-win32.whl", hash = "sha256:6627f48130cdbe04c7e1189bff4192886ecda757f575626ee8468f6580eaecf3", size = 2467910, upload-time = "2026-09-23T17:59:07.332Z" },
    { url = "https://files.pythonhosted.org/packages/fd/cd/3359c485efaed245663bf6f840e1bb45fffa1230b1e9af1880d7d9003e56/fonttools-4.66.0-cp315-cp315t-win_amd64.whl", hash = "sha256:a9a45a23b020e667499fb2dbce0f1373b1b1b8cf88e47f3031e69ef3ea21f3ee", size = 2516298, upload-time = "2026-09-23T17:59:09.934Z" },
    { url = "https://files.pythonhosted.org/packages/83/65/826290863c9df6041f2e36a5ae5d604cd8247fffc8ec7b45581fd2473e4d/fonttools-4.66.0-py3-none-any.whl", hash = "sha256:bc7b7ddc1a1f46c363354304e9a8dd93722e4a6a24f785015650898dacf40df9", size = 1201583, upload-time = "2026-09-23T17:59:12.104Z" },
]

[[package]]
name = "iniconfig"
version = "2.3.0"
source = { registry = "https://pypi.org/simple" }
sdist = { url = "https://files.pythonhosted.org/packages/72/34/14ca021ce8e5dfedc35312d08ba8bf51fdd999c576889fc2c24cb97f4f10/iniconfig-2.3.0.tar.gz", hash = "sha256:c76315c77db068650d49c5b56314774a7804df16fee4402c1f19d6d15d8c4730", size = 20503, upload-time = "2025-10-18T21:55:43.219Z" }
wheels = [
    { url = "https://files.pythonhosted.org/packages/cb/b1/3846dd7f199d53cb17f49cba7e651e9ce294d8497c8c150530ed11865bb8/iniconfig-2.3.0-py3-none-any.whl", hash = "sha256:f631c04d2c48c52b84d0d0549c99ff3859c98df65b3101406327ecc7d53fbf12", size = 7484, upload-time = "2025-10-18T21:55:41.639Z" },
]

[[package]]
name = "ligaturizer"
version = "0.1.0"
source = { editable = "." }
dependencies = [
    { name = "fonttools" },
]

[package.dev-dependencies]
dev = [
    { name = "pytest" },
    { name = "ruff" },
    { name = "uharfbuzz" },
]

[package.metadata]
requires-dist = [{ name = "fonttools", specifier = ">=4.50" }]

[package.metadata.requires-dev]
dev = [
    { name = "pytest", specifier = ">=8" },
    { name = "ruff", specifier = ">=0.6" },
    { name = "uharfbuzz", specifier = ">=0.56.2" },
]

[[package]]
name = "packaging"
version = "26.3"
source = { registry = "https://pypi.org/simple" }
sdist = { url = "https://files.pythonhosted.org/packages/7d/fa/3944b40b07da9ce895c0e6303a5ab7d53da063554f534556b134a54d6093/packaging-26.3.tar.gz", hash = "sha256:94edc256424af38762eb31306eed28beb9f0efc50a8837492c9d6fd6004aed79", size = 313412, upload-time = "2026-08-04T18:15:28.737Z" }
wheels = [
    { url = "https://files.pythonhosted.org/packages/63/34/ba1c580383c9eada3711951fef0795c80b829a078d72188184bcab9dd527/packaging-26.3-py3-none-any.whl", hash = "sha256:d7193f7c8e4e93f444fde0262bf90af30e16fa0ad0ad44cb553c87339b23cd1c", size = 129956, upload-time = "2026-08-04T18:15:27.159Z" },
]

[[package]]
name = "pluggy"
version = "1.6.0"
source = { registry = "https://pypi.org/simple" }
sdist = { url = "https://files.pythonhosted.org/packages/f9/e2/3e91f31a7d2b083fe6ef3fa267035b518369d9511ffab804f839851d2779/pluggy-1.6.0.tar.gz", hash = "sha256:7dcc130b76258d33b90f61b658791dede3486c3e6bfb003ee5c9bfb396dd22f3", size = 69412, upload-time = "2025-05-15T12:30:07.975Z" }
wheels = [
    { url = "https://files.pythonhosted.org/packages/54/20/4d324d65cc6d9205fabedc306948156824eb9f0ee1633355a8f7ec5c66bf/pluggy-1.6.0-py3-none-any.whl", hash = "sha256:e920276dd6813095e9377c0bc5566d94c932c33b27a3e3945d8389c374dd4746", size = 20538, upload-time = "2025-05-15T12:30:06.134Z" },
]

[[package]]
name = "pygments"
version = "2.21.0"
source = { registry = "https://pypi.org/simple" }
sdist = { url = "https://files.pythonhosted.org/packages/49/2e/ced460408999b33da6b31b0021b0f37d329e202d4169aeb164493778f25b/pygments-2.21.0.tar.gz", hash = "sha256:610ca751c9bc2492b38eb9a38a7fbc93edbbb2d7182edaf34e66ae493dee5c8c", size = 5005329, upload-time = "2026-08-17T08:02:48.824Z" }
wheels = [
    { url = "https://files.pythonhosted.org/packages/71/46/17f022dd3e953bf20a04a028a21ec746d942f8d2af30fa0f124fa0e6a684/pygments-2.21.0-py3-none-any.whl", hash = "sha256:2363c69b61c4a97c838da3b130dcd6468f4848992b21a82f2a63ec34377137d9", size = 1250147, upload-time = "2026-08-17T08:02:44.912Z" },
]

[[package]]
name = "pytest"
version = "9.1.1"
source = { registry = "https://pypi.org/simple" }
dependencies = [
    { name = "colorama", marker = "sys_platform == 'win32'" },
    { name = "iniconfig" },
    { name = "packaging" },
    { name = "pluggy" },
    { name = "pygments" },
]
sdist = { url = "https://files.pythonhosted.org/packages/e4/47/b9efed96c114afcfa3c9d3fe98a76a1d14c74a9e266d397cf6eb64be5e01/pytest-9.1.1.tar.gz", hash = "sha256:1088fbde8f2b49d95a549a195707afa7a76a3ce9bcadc26b6d71f0ffda5fe313", size = 1636369, upload-time = "2026-06-19T10:58:32.857Z" }
wheels = [
    { url = "https://files.pythonhosted.org/packages/24/25/1de2678b631f5a49215c6c96fff41ba892b0a34df68d6d80292b1b48aa7f/pytest-9.1.1-py3-none-any.whl", hash = "sha256:37a86b45efb9a47a61a36449063e8e18d0cab3161329fc099eb21783169c4f0c", size = 386536, upload-time = "2026-06-19T10:58:31.347Z" },
]

[[package]]
name = "ruff"
version = "0.16.9"
source = { registry = "https://pypi.org/simple" }
sdist = { url = "https://files.pythonhosted.org/packages/96/bf/c935ca98e73fe8ce65b87ef08a280c0c1e85295d569228c15e87d8fdfaf1/ruff-0.16.9.tar.gz", hash = "sha256:12b625c6cfba78d285d9f48eda5f053374f1e53cb10ef17342a383750db99161", size = 4948764, upload-time = "2026-09-24T20:37:49.416Z" }
wheels = [
    { url = "https://files.pythonhosted.org/packages/0d/26/df51322b52ee1ada7eff2d071ea09d11d5c2d1dcc9f02594f5785c4d1635/ruff-0.16.9-py3-none-linux_armv6l.whl", hash = "sha256:95e6f022090368ab3b824c36276839c53b2adf1a3f4c09fefc33dfc400f6da96", size = 10082922, upload-time = "2026-09-24T20:37:13.045Z" },
    { url = "https://files.pythonhosted.org/packages/a5/27/7bf51f5a7aa375e9f339280a303aab44ca75dc1525f1cdc5991761685b0f/ruff-0.16.9-py3-none-macosx_10_12_x86_64.whl", hash = "sha256:a5f27be168556594a86d2f415db0cf43f5291917849318f873c7e2791f7a8c67", size = 10236360, upload-time = "2026-09-24T20:37:16.049Z" },
    { url = "https://files.pythonhosted.org/packages/b6/63/09659283f92f02dff45809da194a70da2f688d87c55d8875c4fae3536072/ruff-0.16.9-py3-none-macosx_11_0_arm64.whl", hash = "sha256:1632eb1d6197f33bd00b1acbc5b71009e89a8895c158e2d2b03a834fac964ab6", size = 9892940, upload-time = "2026-09-24T20:37:17.957Z" },
    { url = "https://files.pythonhosted.org/packages/24/58/98de1b72ec172f5f8f1731236fe21585b3998bf7dfe9fcc44ae9ba626012/ruff-0.16.9-py3-none-manylinux_2_17_aarch64.manylinux2014_aarch64.whl", hash = "sha256:b3f951b14d865d5952c89d40a5ca07e87abe24fa5453299878411e127748fb1c", size = 10032114, upload-time = "2026-09-24T20:37:19.942Z" },
    { url = "https://files.pythonhosted.org/packages/c8/7d/f1e17c54ab59d4bad1dce8ee3e22a7a1d0ef4745240decacdcf3832b5bb2/ruff-0.16.9-py3-none-manylinux_2_17_armv7l.manylinux2014_armv7l.whl", hash = "sha256:447fc07e1573afff7cb02803462b12b6c8ece7cf10e2cd78565fa6d7a1c0bf8d", size = 9910227, upload-time = "2026-09-24T20:37:21.872Z" },
    { url = "https://files.pythonhosted.org/packages/34/19/436f647a65075bbd3bab2668b3bdaa5120559b294694018cdcefabbbf30b/ruff-0.16.9-py3-none-manylinux_2_17_i686.manylinux2014_i686.whl", hash = "sha256:8a3e039a6a40ed976c491722b60e0ae4a4aa1a86057f540ee7a37a5d19ae9120", size = 10547484, upload-time = "2026-09-24T20:37:24.229Z" },
    { url = "https://files.pythonhosted.org/packages/03/59/38430a6bc2f6d8095447ac39625cf8b6e9344a47e6c26225c8ba1bff3ffb/ruff-0.16.9-py3-none-manylinux_2_17_ppc64le.manylinux2014_ppc64le.whl", hash = "sha256:4684dded7db60aa57cb118fa158630f5feade4af5782903b6053484bdf9bd129", size = 11412367, upload-time = "2026-09-24T20:37:26.307Z" },
    { url = "https://files.pythonhosted.org/packages/c8/bd/bbb6d7fc7f208c8b8c50dd5dc8206e4cfdb1e7a8fb852606a3adf370c880/ruff-0.16.9-py3-none-manylinux_2_17_s390x.manylinux2014_s390x.whl", hash = "sha256:d29c934357e45642fda2f34c0b1f4025b4a6c01e15e4bf0016879d60078a142c", size = 10869787, upload-time = "2026-09-24T20:37:28.35Z" },
    { url = "https://files.pythonhosted.org/packages/bc/b8/9c543074918061abbefc3bd139bee22de35abedb00dde0f2d27288838962/ruff-0.16.9-py3-none-manylinux_2_17_x86_64.manylinux2014_x86_64.whl", hash = "sha256:a21713e629d3e5bdb2f5c2def1cc7f04f47fa8e1a7eb0571b4a28e1da64bc728", size = 10406494, upload-time = "2026-09-24T20:37:30.624Z" },
    { url = "https://files.pythonhosted.org/packages/35/7a/5a8851bd146e7ccf8fd4b003f6c75c11f8fbdb0e60673b45097986b6bf41/ruff-0.16.9-py3-none-manylinux_2_31_riscv64.whl", hash = "sha256:7baa24ef5fc8e77aa93879e1d3f43754a01ae488e869f1ae30cf431afd4d2452", size = 10590083, upload-time = "2026-09-24T20:37:32.439Z" },
    { url = "https://files.pythonhosted.org/packages/87/f0/4c3467188f23f806960b46fa76575a7cd0514c9ba90562650b71efc96980/ruff-0.16.9-py3-none-musllinux_1_2_aarch64.whl", hash = "sha256:a41aac6230aadfaa133bdfa1614488531ffa3e0837567ae04c0da2058a9c0f9e", size = 10119151, upload-time = "2026-09-24T20:37:34.581Z" },
    { url = "https://files.pythonhosted.org/packages/15/34/5a4def5adea572ce6aea0bb64f21f928ee317b80e0db747d7979b01d7261/ruff-0.16.9-py3-none-musllinux_1_2_armv7l.whl", hash = "sha256:c2529fb5896d49115b0e9aa8f887490b34bbe76baf879ec2264ac59406869ce7", size = 9911544, upload-time = "2026-09-24T20:37:36.796Z" },
    { url = "https://files.pythonhosted.org/packages/62/5d/d15ebea7499eef9373318c0ee6ca127832927c6529731f6d48e18dce7ca9/ruff-0.16.9-py3-none-musllinux_1_2_i686.whl", hash = "sha256:41e3870277694177429b56406d65dfbdb2c2802c52b715edaf6a0b829c69d4ee", size = 10269884, upload-time = "2026-09-24T20:37:38.857Z" },
    { url = "https://files.pythonhosted.org/packages/d1/56/c5d3cd119ded7a3c7aba0e961b69cb3df701c91662c98ad694467d060ce1/ruff-0.16.9-py3-none-musllinux_1_2_x86_64.whl", hash = "sha256:8adbe4e58af167f767d7b2ba5e83c42e878350796cf78c2f5e14ab9903a92588", size = 10749366, upload-time = "2026-09-24T20:37:41.042Z" },
    { url = "https://files.pythonhosted.org/packages/ac/fe/734ec7527029ac757ecf821f143c9f3fcf69149c21f53a044a899b430f5a/ruff-0.16.9-py3-none-win32.whl", hash = "sha256:0e1dbc2073624dee6618d41d0098690a7244654af746704b64759e12b6b6b385", size = 10152355, upload-time = "2026-09-24T20:37:43.025Z" },
    { url = "https://files.pythonhosted.org/packages/14/21/26e4643629b3ebb44f0a06f9c9a53058d63d989415f63a9a3c28e2ee7f22/ruff-0.16.9-py3-none-win_amd64.whl", hash = "sha256:6bd40fec8cd4c8a3d4dd589bd8ad4e6320c13c29234159bfd959a40d529d597b", size = 10592965, upload-time = "2026-09-24T20:37:44.944Z" },
    { url = "https://files.pythonhosted.org/packages/51/60/5fb1a39dbb5ae314d5f59bc7348a63c1d5c20f3cd83914c4b5cb0be31d2d/ruff-0.16.9-py3-none-win_arm64.whl", hash = "sha256:ed1a252039200f57a59eebc063b54beabea67bfbaaca0eeaa7f54b5fbcda2284", size = 10458649, upload-time = "2026-09-24T20:37:46.882Z" },
]

[[package]]
name = "uharfbuzz"
version = "0.56.2"
source = { registry = "https://pypi.org/simple" }
sdist = { url = "https://files.pythonhosted.org/packages/90/cb/b87e1e470e43c6d0b8edd9b5ed968c4465c3de5391a0f253edb0df1a9f18/uharfbuzz-0.56.2.tar.gz", hash = "sha256:303cd60c329bc4d88053ca03eb752476b51ca023944051c33710534dbc4fdac6", size = 39630560, upload-time = "2026-09-21T11:30:12.36Z" }
wheels = [
    { url = "https://files.pythonhosted.org/packages/d6/de/5fdcae3af98acd2aa978d38e503013311f1ebdf023f44f6869844068d1ba/uharfbuzz-0.56.2-cp310-abi3-macosx_10_9_universal2.whl", hash = "sha256:07299fa7dbcefd63bd23c9b87b4456cad1c314089deee9654f1a84c594f1f005", size = 3398204, upload-time = "2026-09-21T11:29:48.244Z" },
    { url = "https://files.pythonhosted.org/packages/f8/a2/958ad5bfe9cd55be14b6ac199ee088835de977f39c692522cbc14cad4cbd/uharfbuzz-0.56.2-cp310-abi3-manylinux2014_aarch64.manylinux_2_17_aarch64.manylinux_2_28_aarch64.whl", hash = "sha256:1d9729f111c9b269ca997f1f17c774ec77c9a8f562e26143525c4fa70475b5cb", size = 1923679, upload-time = "2026-09-21T11:29:50.219Z" },
    { url = "https://files.pythonhosted.org/packages/09/5c/761168440df6bc2caafa6341b77dd3ee41949ffaaa5da610da2ce1fd74f9/uharfbuzz-0.56.2-cp310-abi3-manylinux2014_x86_64.manylinux_2_17_x86_64.manylinux_2_28_x86_64.whl", hash = "sha256:f058d70848312366e82068ebef54ead53269bdf34e893c25a3174ea1f5c6d2d3", size = 2000042, upload-time = "2026-09-21T11:29:51.776Z" },
    { url = "https://files.pythonhosted.org/packages/25/91/589632ccd62ed43be81c735e385018765aec015bb794f433ff006783f72a/uharfbuzz-0.56.2-cp310-abi3-musllinux_1_2_aarch64.whl", hash = "sha256:99aacca583273f5264d3d1a116d69d950034afd795edc74ba96faeb4c27ce8d2", size = 2949275, upload-time = "2026-09-21T11:29:53.291Z" },
    { url = "https://files.pythonhosted.org/packages/04/36/2e9da610090e3a492610ef5eec1120cc33352bc3460a82f98e01b2ad79aa/uharfbuzz-0.56.2-cp310-abi3-musllinux_1_2_x86_64.whl", hash = "sha256:3745a5483aef5f2c8604f0154100a659fe2344da1f969429cc1fa655b2239624", size = 3058859, upload-time = "2026-09-21T11:29:54.837Z" },
    { url = "https://files.pythonhosted.org/packages/3d/fa/195efa66ed3b3fac356dd68656acc35bcd776e4a3327f8c150d18fbe9712/uharfbuzz-0.56.2-cp310-abi3-pyemscripten_2025_0_wasm32.whl", hash = "sha256:5d926745fc0b132f152d7b184e6d15bfbfa987a190963c2f841cf046c4bdc4e2", size = 938512, upload-time = "2026-09-21T11:29:56.637Z" },
    { url = "https://files.pythonhosted.org/packages/8a/7e/f5c9c10ae30bf7a05f2f380a7cd5de78937d4021b5e4de853842205bffad/uharfbuzz-0.56.2-cp310-abi3-pyemscripten_2026_0_wasm32.whl", hash = "sha256:11c91af9678d8df46b8d4ce98dc49d892ee96445721427f90cdcbf18e71247b5", size = 935899, upload-time = "2026-09-21T11:29:58.222Z" },
    { url = "https://files.pythonhosted.org/packages/e9/ef/3771dd31c0984baa46295fe0744073f1a28d07548e0cc7863d8745f8b1c4/uharfbuzz-0.56.2-cp310-abi3-win32.whl", hash = "sha256:879457ff2ba12e3c24fca1a3664575000a339e7080e1488e70ae06b8aee2effb", size = 1141396, upload-time = "2026-09-21T11:29:59.614Z" },
    { url = "https://files.pythonhosted.org/packages/09/34/7f05bf99dc91e60174721c6ce7efd03ec1dec4f7064717d217f1a57cc3e3/uharfbuzz-0.56.2-cp310-abi3-win_amd64.whl", hash = "sha256:49450c32c32d7ea5e0a36211c08dc4b8c5b76460ec09532a8c77baa297c98792", size = 1486421, upload-time = "2026-09-21T11:30:01.072Z" },
]
